
Microsoft Visual Studio Solution File, Format Version 12.00
# Visual Studio Version 16
VisualStudioVersion = 16.0.31515.178
MinimumVisualStudioVersion = 10.0.40219.1
Project("{9A19103F-16F7-4668-BE54-9A1E7A4F7556}") = "DataAccess", "DataAccess\DataAccess.csproj", "{68239178-4899-49C5-A234-52848A5A3BB7}"
EndProject
Project("{9A19103F-16F7-4668-BE54-9A1E7A4F7556}") = "Business", "Business\Business.csproj", "{5F5DD168-8C32-4D24-8909-B4B5864710A8}"
EndProject
Project("{9A19103F-16F7-4668-BE54-9A1E7A4F7556}") = "Entities", "Entities\Entities.csproj", "{A8653019-58E2-4072-A152-A87D81702335}"
EndProject
Project("{9A19103F-16F7-4668-BE54-9A1E7A4F7556}") = "ConsoleUI", "ConsoleUI\ConsoleUI.csproj", "{834C01AE-E8BC-4344-A141-DF806EC3C35D}"
EndProject
Project("{FAE04EC0-301F-11D3-BF4B-00C04F79EFBC}") = "Core", "Core\Core.csproj", "{8A1EB2CB-5684-45C2-8E57-00BBE7752542}"
EndProject
Global
	GlobalSection(SolutionConfigurationPlatforms) = preSolution
		Debug|Any CPU = Debug|Any CPU
		Release|Any CPU = Release|Any CPU
	EndGlobalSection
	GlobalSection(ProjectConfigurationPlatforms) = postSolution
		{68239178-4899-49C5-A234-52848A5A3BB7}.Debug|Any CPU.ActiveCfg = Debug|Any CPU
		{68239178-4899-49C5-A234-52848A5A3BB7}.Debug|Any CPU.Build.0 = Debug|Any CPU
		{68239178-4899-49C5-A234-52848A5A3BB7}.Release|Any CPU.ActiveCfg = Release|Any CPU
		{68239178-4899-49C5-A234-52848A5A3BB7}.Release|Any CPU.Build.0 = Release|Any CPU
		{5F5DD168-8C32-4D24-8909-B4B5864710A8}.Debug|Any CPU.ActiveCfg = Debug|Any CPU
		{5F5DD168-8C32-4D24-8909-B4B5864710A8}.Debug|Any CPU.Build.0 = Debug|Any CPU
		{5F5DD168-8C32-4D24-8909-B4B5864710A8}.Release|Any CPU.ActiveCfg = Release|Any CPU
		{5F5DD168-8C32-4D24-8909-B4B5864710A8}.Release|Any CPU.Build.0 = Release|Any CPU
		{A8653019-58E2-4072-A152-A87D81702335}.Debug|Any CPU.ActiveCfg = Debug|Any CPU
		{A8653019-58E2-4072-A152-A87D81702335}.Debug|Any CPU.Build.0 = Debug|Any CPU
		{A8653019-58E2-4072-A152-A87D81702335}.Release|Any CPU.ActiveCfg = Release|Any CPU
		{A8653019-58E2-4072-A152-A87D81702335}.Release|Any CPU.Build.0 = Release|Any CPU
		{834C01AE-E8BC-4344-A141-DF806EC3C35D}.Debug|Any CPU.ActiveCfg = Debug|Any CPU
		{834C01AE-E8BC-4344-A141-DF806EC3C35D}.Debug|Any CPU.Build.0 = Debug|Any CPU
		{834C01AE-E8BC-4344-A141-DF806EC3C35D}.Release|Any CPU.ActiveCfg = Release|Any CPU
		{834C01AE-E8BC-4344-A141-DF806EC3C35D}.Release|Any CPU.Build.0 = Release|Any CPU
		{8A1EB2CB-5684-45C2-8E57-00BBE7752542}.Debug|Any CPU.ActiveCfg = Debug|Any CPU
		{8A1EB2CB-5684-45C2-8E57-00BBE7752542}.Debug|Any CPU.Build.0 = Debug|Any CPU
		{8A1EB2CB-5684-45C2-8E57-00BBE7752542}.Release|Any CPU.ActiveCfg = Release|Any CPU
		{8A1EB2CB-5684-45C2-8E57-00BBE7752542}.Release|Any CPU.Build.0 = Release|Any CPU
	EndGlobalSection
	GlobalSection(SolutionProperties) = preSolution
		HideSolutionNode = FALSE
	EndGlobalSection
	GlobalSection(ExtensibilityGlobals) = postSolution
		SolutionGuid = {49AA1A38-9CE8-4923-8AD3-E853A7EE1B02}
	EndGlobalSection
EndGlobal
